
Microsoft Visual Studio Solution File, Format Version 12.00
# Visual Studio Version 17
VisualStudioVersion = 17.14.36310.24
MinimumVisualStudioVersion = 10.0.40219.1
Project("{FAE04EC0-301F-11D3-BF4B-00C04F79EFBC}") = "PPOISFirstFirst", "PPOISFirstFirst\PPOISFirstFirst.csproj", "{6B0AC497-0BC0-430D-B725-496E550D572A}"
EndProject
Project("{2150E333-8FDC-42A3-9474-1A3956D46DE8}") = "Test", "Test", "{0C88DD14-F956-CE84-757C-A364CCF449FC}"
EndProject
Project("{FAE04EC0-301F-11D3-BF4B-00C04F79EFBC}") = "UnitTests.Tests", "Test\UnitTests.Tests\UnitTests.Tests.csproj", "{1CF8F3A5-A6E2-4453-A509-8EF06624E1DB}"
	ProjectSection(ProjectDependencies) = postProject
		{6B0AC497-0BC0-430D-B725-496E550D572A} = {6B0AC497-0BC0-430D-B725-496E550D572A}
	EndProjectSection
EndProject
Global
	GlobalSection(SolutionConfigurationPlatforms) = preSolution
		Debug|Any CPU = Debug|Any CPU
		Debug|x64 = Debug|x64
		Debug|x86 = Debug|x86
		Release|Any CPU = Release|Any CPU
		Release|x64 = Release|x64
		Release|x86 = Release|x86
	EndGlobalSection
	GlobalSection(ProjectConfigurationPlatforms) = postSolution
		{6B0AC497-0BC0-430D-B725-496E550D572A}.Debug|Any CPU.ActiveCfg = Debug|Any CPU
		{6B0AC497-0BC0-430D-B725-496E550D572A}.Debug|Any CPU.Build.0 = Debug|Any CPU
		{6B0AC497-0BC0-430D-B725-496E550D572A}.Debug|x64.ActiveCfg = Debug|Any CPU
		{6B0AC497-0BC0-430D-B725-496E550D572A}.Debug|x64.Build.0 = Debug|Any CPU
		{6B0AC497-0BC0-430D-B725-496E550D572A}.Debug|x86.ActiveCfg = Debug|Any CPU
		{6B0AC497-0BC0-430D-B725-496E550D572A}.Debug|x86.Build.0 = Debug|Any CPU
		{6B0AC497-0BC0-430D-B725-496E550D572A}.Release|Any CPU.ActiveCfg = Release|Any CPU
		{6B0AC497-0BC0-430D-B725-496E550D572A}.Release|Any CPU.Build.0 = Release|Any CPU
		{6B0AC497-0BC0-430D-B725-496E550D572A}.Release|x64.ActiveCfg = Release|Any CPU
		{6B0AC497-0BC0-430D-B725-496E550D572A}.Release|x64.Build.0 = Release|Any CPU
		{6B0AC497-0BC0-430D-B725-496E550D572A}.Release|x86.ActiveCfg = Release|Any CPU
		{6B0AC497-0BC0-430D-B725-496E550D572A}.Release|x86.Build.0 = Release|Any CPU
		{1CF8F3A5-A6E2-4453-A509-8EF06624E1DB}.Debug|Any CPU.ActiveCfg = Debug|Any CPU
		{1CF8F3A5-A6E2-4453-A509-8EF06624E1DB}.Debug|Any CPU.Build.0 = Debug|Any CPU
		{1CF8F3A5-A6E2-4453-A509-8EF06624E1DB}.Debug|x64.ActiveCfg = Debug|Any CPU
		{1CF8F3A5-A6E2-4453-A509-8EF06624E1DB}.Debug|x64.Build.0 = Debug|Any CPU
		{1CF8F3A5-A6E2-4453-A509-8EF06624E1DB}.Debug|x86.ActiveCfg = Debug|Any CPU
		{1CF8F3A5-A6E2-4453-A509-8EF06624E1DB}.Debug|x86.Build.0 = Debug|Any CPU
		{1CF8F3A5-A6E2-4453-A509-8EF06624E1DB}.Release|Any CPU.ActiveCfg = Release|Any CPU
		{1CF8F3A5-A6E2-4453-A509-8EF06624E1DB}.Release|Any CPU.Build.0 = Release|Any CPU
		{1CF8F3A5-A6E2-4453-A509-8EF06624E1DB}.Release|x64.ActiveCfg = Release|Any CPU
		{1CF8F3A5-A6E2-4453-A509-8EF06624E1DB}.Release|x64.Build.0 = Release|Any CPU
		{1CF8F3A5-A6E2-4453-A509-8EF06624E1DB}.Release|x86.ActiveCfg = Release|Any CPU
		{1CF8F3A5-A6E2-4453-A509-8EF06624E1DB}.Release|x86.Build.0 = Release|Any CPU
	EndGlobalSection
	GlobalSection(SolutionProperties) = preSolution
		HideSolutionNode = FALSE
	EndGlobalSection
	GlobalSection(NestedProjects) = preSolution
		{1CF8F3A5-A6E2-4453-A509-8EF06624E1DB} = {0C88DD14-F956-CE84-757C-A364CCF449FC}
	EndGlobalSection
	GlobalSection(ExtensibilityGlobals) = postSolution
		SolutionGuid = {B72B4753-642E-40A2-BD8B-04F3F164BBB8}
	EndGlobalSection
EndGlobal
